// !$*UTF8*$!
{
	archiveVersion = 1;
	classes = {
	};
	objectVersion = 50;
	objects = {

/* Begin PBXBuildFile section */
		61C265F620E7E0D40005464B /* AppDelegate.swift in Sources */ = {isa = PBXBuildFile; fileRef = 61C265F520E7E0D40005464B /* AppDelegate.swift */; };
		61C265F820E7E0D40005464B /* ViewController.swift in Sources */ = {isa = PBXBuildFile; fileRef = 61C265F720E7E0D40005464B /* ViewController.swift */; };
		61C265FB20E7E0D40005464B /* Main.storyboard in Resources */ = {isa = PBXBuildFile; fileRef = 61C265F920E7E0D40005464B /* Main.storyboard */; };
		61C265FD20E7E0E00005464B /* Assets.xcassets in Resources */ = {isa = PBXBuildFile; fileRef = 61C265FC20E7E0E00005464B /* Assets.xcassets */; };
		61C2660020E7E0E00005464B /* LaunchScreen.storyboard in Resources */ = {isa = PBXBuildFile; fileRef = 61C265FE20E7E0E00005464B /* LaunchScreen.storyboard */; };
		61C2660B20E7E0E00005464B /* Login_Page_iOSTests.swift in Sources */ = {isa = PBXBuildFile; fileRef = 61C2660A20E7E0E00005464B /* Login_Page_iOSTests.swift */; };
		61C2661620E7E0E00005464B /* Login_Page_iOSUITests.swift in Sources */ = {isa = PBXBuildFile; fileRef = 61C2661520E7E0E00005464B /* Login_Page_iOSUITests.swift */; };
/* End PBXBuildFile section */

/* Begin PBXContainerItemProxy section */
		61C2660720E7E0E00005464B /* PBXContainerItemProxy */ = {
			isa = PBXContainerItemProxy;
			containerPortal = 61C265EA20E7E0D30005464B /* Project object */;
			proxyType = 1;
			remoteGlobalIDString = 61C265F120E7E0D40005464B;
			remoteInfo = Login_Page_iOS;
		};
		61C2661220E7E0E00005464B /* PBXContainerItemProxy */ = {
			isa = PBXContainerItemProxy;
			containerPortal = 61C265EA20E7E0D30005464B /* Project object */;
			proxyType = 1;
			remoteGlobalIDString = 61C265F120E7E0D40005464B;
			remoteInfo = Login_Page_iOS;
		};
/* End PBXContainerItemProxy section */

/* Begin PBXFileReference section */
		61C265F220E7E0D40005464B /* Login_Page_iOS.app */ = {isa = PBXFileReference; explicitFileType = wrapper.application; includeInIndex = 0; path = Login_Page_iOS.app; sourceTree = BUILT_PRODUCTS_DIR; };
		61C265F520E7E0D40005464B /* AppDelegate.swift */ = {isa = PBXFileReference; lastKnownFileType = sourcecode.swift; path = AppDelegate.swift; sourceTree = "<group>"; };
		61C265F720E7E0D40005464B /* ViewController.swift */ = {isa = PBXFileReference; lastKnownFileType = sourcecode.swift; path = ViewController.swift; sourceTree = "<group>"; };
		61C265FA20E7E0D40005464B /* Base */ = {isa = PBXFileReference; lastKnownFileType = file.storyboard; name = Base; path = Base.lproj/Main.storyboard; sourceTree = "<group>"; };
		61C265FC20E7E0E00005464B /* Assets.xcassets */ = {isa = PBXFileReference; lastKnownFileType = folder.assetcatalog; path = Assets.xcassets; sourceTree = "<group>"; };
		61C265FF20E7E0E00005464B /* Base */ = {isa = PBXFileReference; lastKnownFileType = file.storyboard; name = Base; path = Base.lproj/LaunchScreen.storyboard; sourceTree = "<group>"; };
		61C2660120E7E0E00005464B /* Info.plist */ = {isa = PBXFileReference; lastKnownFileType = text.plist.xml; path = Info.plist; sourceTree = "<group>"; };
		61C2660620E7E0E00005464B /* Login_Page_iOSTests.xctest */ = {isa = PBXFileReference; explicitFileType = wrapper.cfbundle; includeInIndex = 0; path = Login_Page_iOSTests.xctest; sourceTree = BUILT_PRODUCTS_DIR; };
		61C2660A20E7E0E00005464B /* Login_Page_iOSTests.swift */ = {isa = PBXFileReference; lastKnownFileType = sourcecode.swift; path = Login_Page_iOSTests.swift; sourceTree = "<group>"; };
		61C2660C20E7E0E00005464B /* Info.plist */ = {isa = PBXFileReference; lastKnownFileType = text.plist.xml; path = Info.plist; sourceTree = "<group>"; };
		61C2661120E7E0E00005464B /* Login_Page_iOSUITests.xctest */ = {isa = PBXFileReference; explicitFileType = wrapper.cfbundle; includeInIndex = 0; path = Login_Page_iOSUITests.xctest; sourceTree = BUILT_PRODUCTS_DIR; };
		61C2661520E7E0E00005464B /* Login_Page_iOSUITests.swift */ = {isa = PBXFileReference; lastKnownFileType = sourcecode.swift; path = Login_Page_iOSUITests.swift; sourceTree = "<group>"; };
		61C2661720E7E0E00005464B /* Info.plist */ = {isa = PBXFileReference; lastKnownFileType = text.plist.xml; path = Info.plist; sourceTree = "<group>"; };
/* End PBXFileReference section */

/* Begin PBXFrameworksBuildPhase section */
		61C265EF20E7E0D40005464B /* Frameworks */ = {
			isa = PBXFrameworksBuildPhase;
			buildActionMask = 2147483647;
			files = (
			);
			runOnlyForDeploymentPostprocessing = 0;
		};
		61C2660320E7E0E00005464B /* Frameworks */ = {
			isa = PBXFrameworksBuildPhase;
			buildActionMask = 2147483647;
			files = (
			);
			runOnlyForDeploymentPostprocessing = 0;
		};
		61C2660E20E7E0E00005464B /* Frameworks */ = {
			isa = PBXFrameworksBuildPhase;
			buildActionMask = 2147483647;
			files = (
			);
			runOnlyForDeploymentPostprocessing = 0;
		};
/* End PBXFrameworksBuildPhase section */

/* Begin PBXGroup section */
		61C265E920E7E0D30005464B = {
			isa = PBXGroup;
			children = (
				61C265F420E7E0D40005464B /* Login_Page_iOS */,
				61C2660920E7E0E00005464B /* Login_Page_iOSTests */,
				61C2661420E7E0E00005464B /* Login_Page_iOSUITests */,
				61C265F320E7E0D40005464B /* Products */,
			);
			sourceTree = "<group>";
		};
		61C265F320E7E0D40005464B /* Products */ = {
			isa = PBXGroup;
			children = (
				61C265F220E7E0D40005464B /* Login_Page_iOS.app */,
				61C2660620E7E0E00005464B /* Login_Page_iOSTests.xctest */,
				61C2661120E7E0E00005464B /* Login_Page_iOSUITests.xctest */,
			);
			name = Products;
			sourceTree = "<group>";
		};
		61C265F420E7E0D40005464B /* Login_Page_iOS */ = {
			isa = PBXGroup;
			children = (
				61C265F520E7E0D40005464B /* AppDelegate.swift */,
				61C265F720E7E0D40005464B /* ViewController.swift */,
				61C265F920E7E0D40005464B /* Main.storyboard */,
				61C265FC20E7E0E00005464B /* Assets.xcassets */,
				61C265FE20E7E0E00005464B /* LaunchScreen.storyboard */,
				61C2660120E7E0E00005464B /* Info.plist */,
			);
			path = Login_Page_iOS;
			sourceTree = "<group>";
		};
		61C2660920E7E0E00005464B /* Login_Page_iOSTests */ = {
			isa = PBXGroup;
			children = (
				61C2660A20E7E0E00005464B /* Login_Page_iOSTests.swift */,
				61C2660C20E7E0E00005464B /* Info.plist */,
			);
			path = Login_Page_iOSTests;
			sourceTree = "<group>";
		};
		61C2661420E7E0E00005464B /* Login_Page_iOSUITests */ = {
			isa = PBXGroup;
			children = (
				61C2661520E7E0E00005464B /* Login_Page_iOSUITests.swift */,
				61C2661720E7E0E00005464B /* Info.plist */,
			);
			path = Login_Page_iOSUITests;
			sourceTree = "<group>";
		};
/* End PBXGroup section */

/* Begin PBXNativeTarget section */
		61C265F120E7E0D40005464B /* Login_Page_iOS */ = {
			isa = PBXNativeTarget;
			buildConfigurationList = 61C2661A20E7E0E00005464B /* Build configuration list for PBXNativeTarget "Login_Page_iOS" */;
			buildPhases = (
				61C265EE20E7E0D40005464B /* Sources */,
				61C265EF20E7E0D40005464B /* Frameworks */,
				61C265F020E7E0D40005464B /* Resources */,
			);
			buildRules = (
			);
			dependencies = (
			);
			name = Login_Page_iOS;
			productName = Login_Page_iOS;
			productReference = 61C265F220E7E0D40005464B /* Login_Page_iOS.app */;
			productType = "com.apple.product-type.application";
		};
		61C2660520E7E0E00005464B /* Login_Page_iOSTests */ = {
			isa = PBXNativeTarget;
			buildConfigurationList = 61C2661D20E7E0E00005464B /* Build configuration list for PBXNativeTarget "Login_Page_iOSTests" */;
			buildPhases = (
				61C2660220E7E0E00005464B /* Sources */,
				61C2660320E7E0E00005464B /* Frameworks */,
				61C2660420E7E0E00005464B /* Resources */,
			);
			buildRules = (
			);
			dependencies = (
				61C2660820E7E0E00005464B /* PBXTargetDependency */,
			);
			name = Login_Page_iOSTests;
			productName = Login_Page_iOSTests;
			productReference = 61C2660620E7E0E00005464B /* Login_Page_iOSTests.xctest */;
			productType = "com.apple.product-type.bundle.unit-test";
		};
		61C2661020E7E0E00005464B /* Login_Page_iOSUITests */ = {
			isa = PBXNativeTarget;
			buildConfigurationList = 61C2662020E7E0E00005464B /* Build configuration list for PBXNativeTarget "Login_Page_iOSUITests" */;
			buildPhases = (
				61C2660D20E7E0E00005464B /* Sources */,
				61C2660E20E7E0E00005464B /* Frameworks */,
				61C2660F20E7E0E00005464B /* Resources */,
			);
			buildRules = (
			);
			dependencies = (
				61C2661320E7E0E00005464B /* PBXTargetDependency */,
			);
			name = Login_Page_iOSUITests;
			productName = Login_Page_iOSUITests;
			productReference = 61C2661120E7E0E00005464B /* Login_Page_iOSUITests.xctest */;
			productType = "com.apple.product-type.bundle.ui-testing";
		};
/* End PBXNativeTarget section */

/* Begin PBXProject section */
		61C265EA20E7E0D30005464B /* Project object */ = {
			isa = PBXProject;
			attributes = {
				LastSwiftUpdateCheck = 0940;
				LastUpgradeCheck = 0940;
				ORGANIZATIONNAME = "Usman Nisthar";
				TargetAttributes = {
					61C265F120E7E0D40005464B = {
						CreatedOnToolsVersion = 9.4.1;
					};
					61C2660520E7E0E00005464B = {
						CreatedOnToolsVersion = 9.4.1;
						TestTargetID = 61C265F120E7E0D40005464B;
					};
					61C2661020E7E0E00005464B = {
						CreatedOnToolsVersion = 9.4.1;
						TestTargetID = 61C265F120E7E0D40005464B;
					};
				};
			};
			buildConfigurationList = 61C265ED20E7E0D30005464B /* Build configuration list for PBXProject "Login_Page_iOS" */;
			compatibilityVersion = "Xcode 9.3";
			developmentRegion = en;
			hasScannedForEncodings = 0;
			knownRegions = (
				en,
				Base,
			);
			mainGroup = 61C265E920E7E0D30005464B;
			productRefGroup = 61C265F320E7E0D40005464B /* Products */;
			projectDirPath = "";
			projectRoot = "";
			targets = (
				61C265F120E7E0D40005464B /* Login_Page_iOS */,
				61C2660520E7E0E00005464B /* Login_Page_iOSTests */,
				61C2661020E7E0E00005464B /* Login_Page_iOSUITests */,
			);
		};
/* End PBXProject section */

/* Begin PBXResourcesBuildPhase section */
		61C265F020E7E0D40005464B /* Resources */ = {
			isa = PBXResourcesBuildPhase;
			buildActionMask = 2147483647;
			files = (
				61C2660020E7E0E00005464B /* LaunchScreen.storyboard in Resources */,
				61C265FD20E7E0E00005464B /* Assets.xcassets in Resources */,
				61C265FB20E7E0D40005464B /* Main.storyboard in Resources */,
			);
			runOnlyForDeploymentPostprocessing = 0;
		};
		61C2660420E7E0E00005464B /* Resources */ = {
			isa = PBXResourcesBuildPhase;
			buildActionMask = 2147483647;
			files = (
			);
			runOnlyForDeploymentPostprocessing = 0;
		};
		61C2660F20E7E0E00005464B /* Resources */ = {
			isa = PBXResourcesBuildPhase;
			buildActionMask = 2147483647;
			files = (
			);
			runOnlyForDeploymentPostprocessing = 0;
		};
/* End PBXResourcesBuildPhase section */

/* Begin PBXSourcesBuildPhase section */
		61C265EE20E7E0D40005464B /* Sources */ = {
			isa = PBXSourcesBuildPhase;
			buildActionMask = 2147483647;
			files = (
				61C265F820E7E0D40005464B /* ViewController.swift in Sources */,
				61C265F620E7E0D40005464B /* AppDelegate.swift in Sources */,
			);
			runOnlyForDeploymentPostprocessing = 0;
		};
		61C2660220E7E0E00005464B /* Sources */ = {
			isa = PBXSourcesBuildPhase;
			buildActionMask = 2147483647;
			files = (
				61C2660B20E7E0E00005464B /* Login_Page_iOSTests.swift in Sources */,
			);
			runOnlyForDeploymentPostprocessing = 0;
		};
		61C2660D20E7E0E00005464B /* Sources */ = {
			isa = PBXSourcesBuildPhase;
			buildActionMask = 2147483647;
			files = (
				61C2661620E7E0E00005464B /* Login_Page_iOSUITests.swift in Sources */,
			);
			runOnlyForDeploymentPostprocessing = 0;
		};
/* End PBXSourcesBuildPhase section */

/* Begin PBXTargetDependency section */
		61C2660820E7E0E00005464B /* PBXTargetDependency */ = {
			isa = PBXTargetDependency;
			target = 61C265F120E7E0D40005464B /* Login_Page_iOS */;
			targetProxy = 61C2660720E7E0E00005464B /* PBXContainerItemProxy */;
		};
		61C2661320E7E0E00005464B /* PBXTargetDependency */ = {
			isa = PBXTargetDependency;
			target = 61C265F120E7E0D40005464B /* Login_Page_iOS */;
			targetProxy = 61C2661220E7E0E00005464B /* PBXContainerItemProxy */;
		};
/* End PBXTargetDependency section */

/* Begin PBXVariantGroup section */
		61C265F920E7E0D40005464B /* Main.storyboard */ = {
			isa = PBXVariantGroup;
			children = (
				61C265FA20E7E0D40005464B /* Base */,
			);
			name = Main.storyboard;
			sourceTree = "<group>";
		};
		61C265FE20E7E0E00005464B /* LaunchScreen.storyboard */ = {
			isa = PBXVariantGroup;
			children = (
				61C265FF20E7E0E00005464B /* Base */,
			);
			name = LaunchScreen.storyboard;
			sourceTree = "<group>";
		};
/* End PBXVariantGroup section */

/* Begin XCBuildConfiguration section */
		61C2661820E7E0E00005464B /* Debug */ = {
			isa = XCBuildConfiguration;
			buildSettings = {
				ALWAYS_SEARCH_USER_PATHS = NO;
				CLANG_ANALYZER_NONNULL = YES;
				CLANG_ANALYZER_NUMBER_OBJECT_CONVERSION = YES_AGGRESSIVE;
				CLANG_CXX_LANGUAGE_STANDARD = "gnu++14";
				CLANG_CXX_LIBRARY = "libc++";
				CLANG_ENABLE_MODULES = YES;
				CLANG_ENABLE_OBJC_ARC = YES;
				CLANG_ENABLE_OBJC_WEAK = YES;
				CLANG_WARN_BLOCK_CAPTURE_AUTORELEASING = YES;
				CLANG_WARN_BOOL_CONVERSION = YES;
				CLANG_WARN_COMMA = YES;
				CLANG_WARN_CONSTANT_CONVERSION = YES;
				CLANG_WARN_DEPRECATED_OBJC_IMPLEMENTATIONS = YES;
				CLANG_WARN_DIRECT_OBJC_ISA_USAGE = YES_ERROR;
				CLANG_WARN_DOCUMENTATION_COMMENTS = YES;
				CLANG_WARN_EMPTY_BODY = YES;
				CLANG_WARN_ENUM_CONVERSION = YES;
				CLANG_WARN_INFINITE_RECURSION = YES;
				CLANG_WARN_INT_CONVERSION = YES;
				CLANG_WARN_NON_LITERAL_NULL_CONVERSION = YES;
				CLANG_WARN_OBJC_IMPLICIT_RETAIN_SELF = YES;
				CLANG_WARN_OBJC_LITERAL_CONVERSION = YES;
				CLANG_WARN_OBJC_ROOT_CLASS = YES_ERROR;
				CLANG_WARN_RANGE_LOOP_ANALYSIS = YES;
				CLANG_WARN_STRICT_PROTOTYPES = YES;
				CLANG_WARN_SUSPICIOUS_MOVE = YES;
				CLANG_WARN_UNGUARDED_AVAILABILITY = YES_AGGRESSIVE;
				CLANG_WARN_UNREACHABLE_CODE = YES;
				CLANG_WARN__DUPLICATE_METHOD_MATCH = YES;
				CODE_SIGN_IDENTITY = "iPhone Developer";
				COPY_PHASE_STRIP = NO;
				DEBUG_INFORMATION_FORMAT = dwarf;
				ENABLE_STRICT_OBJC_MSGSEND = YES;
				ENABLE_TESTABILITY = YES;
				GCC_C_LANGUAGE_STANDARD = gnu11;
				GCC_DYNAMIC_NO_PIC = NO;
				GCC_NO_COMMON_BLOCKS = YES;
				GCC_OPTIMIZATION_LEVEL = 0;
				GCC_PREPROCESSOR_DEFINITIONS = (
					"DEBUG=1",
					"$(inherited)",
				);
				GCC_WARN_64_TO_32_BIT_CONVERSION = YES;
				GCC_WARN_ABOUT_RETURN_TYPE = YES_ERROR;
				GCC_WARN_UNDECLARED_SELECTOR = YES;
				GCC_WARN_UNINITIALIZED_AUTOS = YES_AGGRESSIVE;
				GCC_WARN_UNUSED_FUNCTION = YES;
				GCC_WARN_UNUSED_VARIABLE = YES;
				IPHONEOS_DEPLOYMENT_TARGET = 11.4;
				MTL_ENABLE_DEBUG_INFO = YES;
				ONLY_ACTIVE_ARCH = YES;
				SDKROOT = iphoneos;
				SWIFT_ACTIVE_COMPILATION_CONDITIONS = DEBUG;
				SWIFT_OPTIMIZATION_LEVEL = "-Onone";
			};
			name = Debug;
		};
		61C2661920E7E0E00005464B /* Release */ = {
			isa = XCBuildConfiguration;
			buildSettings = {
				ALWAYS_SEARCH_USER_PATHS = NO;
				CLANG_ANALYZER_NONNULL = YES;
				CLANG_ANALYZER_NUMBER_OBJECT_CONVERSION = YES_AGGRESSIVE;
				CLANG_CXX_LANGUAGE_STANDARD = "gnu++14";
				CLANG_CXX_LIBRARY = "libc++";
				CLANG_ENABLE_MODULES = YES;
				CLANG_ENABLE_OBJC_ARC = YES;
				CLANG_ENABLE_OBJC_WEAK = YES;
				CLANG_WARN_BLOCK_CAPTURE_AUTORELEASING = YES;
				CLANG_WARN_BOOL_CONVERSION = YES;
				CLANG_WARN_COMMA = YES;
				CLANG_WARN_CONSTANT_CONVERSION = YES;
				CLANG_WARN_DEPRECATED_OBJC_IMPLEMENTATIONS = YES;
				CLANG_WARN_DIRECT_OBJC_ISA_USAGE = YES_ERROR;
				CLANG_WARN_DOCUMENTATION_COMMENTS = YES;
				CLANG_WARN_EMPTY_BODY = YES;
				CLANG_WARN_ENUM_CONVERSION = YES;
				CLANG_WARN_INFINITE_RECURSION = YES;
				CLANG_WARN_INT_CONVERSION = YES;
				CLANG_WARN_NON_LITERAL_NULL_CONVERSION = YES;
				CLANG_WARN_OBJC_IMPLICIT_RETAIN_SELF = YES;
				CLANG_WARN_OBJC_LITERAL_CONVERSION = YES;
				CLANG_WARN_OBJC_ROOT_CLASS = YES_ERROR;
				CLANG_WARN_RANGE_LOOP_ANALYSIS = YES;
				CLANG_WARN_STRICT_PROTOTYPES = YES;
				CLANG_WARN_SUSPICIOUS_MOVE = YES;
				CLANG_WARN_UNGUARDED_AVAILABILITY = YES_AGGRESSIVE;
				CLANG_WARN_UNREACHABLE_CODE = YES;
				CLANG_WARN__DUPLICATE_METHOD_MATCH = YES;
				CODE_SIGN_IDENTITY = "iPhone Developer";
				COPY_PHASE_STRIP = NO;
				DEBUG_INFORMATION_FORMAT = "dwarf-with-dsym";
				ENABLE_NS_ASSERTIONS = NO;
				ENABLE_STRICT_OBJC_MSGSEND = YES;
				GCC_C_LANGUAGE_STANDARD = gnu11;
				GCC_NO_COMMON_BLOCKS = YES;
				GCC_WARN_64_TO_32_BIT_CONVERSION = YES;
				GCC_WARN_ABOUT_RETURN_TYPE = YES_ERROR;
				GCC_WARN_UNDECLARED_SELECTOR = YES;
				GCC_WARN_UNINITIALIZED_AUTOS = YES_AGGRESSIVE;
				GCC_WARN_UNUSED_FUNCTION = YES;
				GCC_WARN_UNUSED_VARIABLE = YES;
				IPHONEOS_DEPLOYMENT_TARGET = 11.4;
				MTL_ENABLE_DEBUG_INFO = NO;
				SDKROOT = iphoneos;
				SWIFT_COMPILATION_MODE = wholemodule;
				SWIFT_OPTIMIZATION_LEVEL = "-O";
				VALIDATE_PRODUCT = YES;
			};
			name = Release;
		};
		61C2661B20E7E0E00005464B /* Debug */ = {
			isa = XCBuildConfiguration;
			buildSettings = {
				ASSETCATALOG_COMPILER_APPICON_NAME = AppIcon;
				CODE_SIGN_STYLE = Automatic;
				INFOPLIST_FILE = Login_Page_iOS/Info.plist;
				LD_RUNPATH_SEARCH_PATHS = (
					"$(inherited)",
					"@executable_path/Frameworks",
				);
				PRODUCT_BUNDLE_IDENTIFIER = "usmannisthar.Login-Page-iOS";
				PRODUCT_NAME = "$(TARGET_NAME)";
				SWIFT_VERSION = 4.0;
				TARGETED_DEVICE_FAMILY = "1,2";
			};
			name = Debug;
		};
		61C2661C20E7E0E00005464B /* Release */ = {
			isa = XCBuildConfiguration;
			buildSettings = {
				ASSETCATALOG_COMPILER_APPICON_NAME = AppIcon;
				CODE_SIGN_STYLE = Automatic;
				INFOPLIST_FILE = Login_Page_iOS/Info.plist;
				LD_RUNPATH_SEARCH_PATHS = (
					"$(inherited)",
					"@executable_path/Frameworks",
				);
				PRODUCT_BUNDLE_IDENTIFIER = "usmannisthar.Login-Page-iOS";
				PRODUCT_NAME = "$(TARGET_NAME)";
				SWIFT_VERSION = 4.0;
				TARGETED_DEVICE_FAMILY = "1,2";
			};
			name = Release;
		};
		61C2661E20E7E0E00005464B /* Debug */ = {
			isa = XCBuildConfiguration;
			buildSettings = {
				ALWAYS_EMBED_SWIFT_STANDARD_LIBRARIES = YES;
				BUNDLE_LOADER = "$(TEST_HOST)";
				CODE_SIGN_STYLE = Automatic;
				INFOPLIST_FILE = Login_Page_iOSTests/Info.plist;
				LD_RUNPATH_SEARCH_PATHS = (
					"$(inherited)",
					"@executable_path/Frameworks",
					"@loader_path/Frameworks",
				);
				PRODUCT_BUNDLE_IDENTIFIER = "usmannisthar.Login-Page-iOSTests";
				PRODUCT_NAME = "$(TARGET_NAME)";
				SWIFT_VERSION = 4.0;
				TARGETED_DEVICE_FAMILY = "1,2";
				TEST_HOST = "$(BUILT_PRODUCTS_DIR)/Login_Page_iOS.app/Login_Page_iOS";
			};
			name = Debug;
		};
		61C2661F20E7E0E00005464B /* Release */ = {
			isa = XCBuildConfiguration;
			buildSettings = {
				ALWAYS_EMBED_SWIFT_STANDARD_LIBRARIES = YES;
				BUNDLE_LOADER = "$(TEST_HOST)";
				CODE_SIGN_STYLE = Automatic;
				INFOPLIST_FILE = Login_Page_iOSTests/Info.plist;
				LD_RUNPATH_SEARCH_PATHS = (
					"$(inherited)",
					"@executable_path/Frameworks",
					"@loader_path/Frameworks",
				);
				PRODUCT_BUNDLE_IDENTIFIER = "usmannisthar.Login-Page-iOSTests";
				PRODUCT_NAME = "$(TARGET_NAME)";
				SWIFT_VERSION = 4.0;
				TARGETED_DEVICE_FAMILY = "1,2";
				TEST_HOST = "$(BUILT_PRODUCTS_DIR)/Login_Page_iOS.app/Login_Page_iOS";
			};
			name = Release;
		};
		61C2662120E7E0E00005464B /* Debug */ = {
			isa = XCBuildConfiguration;
			buildSettings = {
				ALWAYS_EMBED_SWIFT_STANDARD_LIBRARIES = YES;
				CODE_SIGN_STYLE = Automatic;
				INFOPLIST_FILE = Login_Page_iOSUITests/Info.plist;
				LD_RUNPATH_SEARCH_PATHS = (
					"$(inherited)",
					"@executable_path/Frameworks",
					"@loader_path/Frameworks",
				);
				PRODUCT_BUNDLE_IDENTIFIER = "usmannisthar.Login-Page-iOSUITests";
				PRODUCT_NAME = "$(TARGET_NAME)";
				SWIFT_VERSION = 4.0;
				TARGETED_DEVICE_FAMILY = "1,2";
				TEST_TARGET_NAME = Login_Page_iOS;
			};
			name = Debug;
		};
		61C2662220E7E0E00005464B /* Release */ = {
			isa = XCBuildConfiguration;
			buildSettings = {
				ALWAYS_EMBED_SWIFT_STANDARD_LIBRARIES = YES;
				CODE_SIGN_STYLE = Automatic;
				INFOPLIST_FILE = Login_Page_iOSUITests/Info.plist;
				LD_RUNPATH_SEARCH_PATHS = (
					"$(inherited)",
					"@executable_path/Frameworks",
					"@loader_path/Frameworks",
				);
				PRODUCT_BUNDLE_IDENTIFIER = "usmannisthar.Login-Page-iOSUITests";
				PRODUCT_NAME = "$(TARGET_NAME)";
				SWIFT_VERSION = 4.0;
				TARGETED_DEVICE_FAMILY = "1,2";
				TEST_TARGET_NAME = Login_Page_iOS;
			};
			name = Release;
		};
/* End XCBuildConfiguration section */

/* Begin XCConfigurationList section */
		61C265ED20E7E0D30005464B /* Build configuration list for PBXProject "Login_Page_iOS" */ = {
			isa = XCConfigurationList;
			buildConfigurations = (
				61C2661820E7E0E00005464B /* Debug */,
				61C2661920E7E0E00005464B /* Release */,
			);
			defaultConfigurationIsVisible = 0;
			defaultConfigurationName = Release;
		};
		61C2661A20E7E0E00005464B /* Build configuration list for PBXNativeTarget "Login_Page_iOS" */ = {
			isa = XCConfigurationList;
			buildConfigurations = (
				61C2661B20E7E0E00005464B /* Debug */,
				61C2661C20E7E0E00005464B /* Release */,
			);
			defaultConfigurationIsVisible = 0;
			defaultConfigurationName = Release;
		};
		61C2661D20E7E0E00005464B /* Build configuration list for PBXNativeTarget "Login_Page_iOSTests" */ = {
			isa = XCConfigurationList;
			buildConfigurations = (
				61C2661E20E7E0E00005464B /* Debug */,
				61C2661F20E7E0E00005464B /* Release */,
			);
			defaultConfigurationIsVisible = 0;
			defaultConfigurationName = Release;
		};
		61C2662020E7E0E00005464B /* Build configuration list for PBXNativeTarget "Login_Page_iOSUITests" */ = {
			isa = XCConfigurationList;
			buildConfigurations = (
				61C2662120E7E0E00005464B /* Debug */,
				61C2662220E7E0E00005464B /* Release */,
			);
			defaultConfigurationIsVisible = 0;
			defaultConfigurationName = Release;
		};
/* End XCConfigurationList section */
	};
	rootObject = 61C265EA20E7E0D30005464B /* Project object */;
}
